// !$*UTF8*$!
{
	archiveVersion = 1;
	classes = {
	};
	objectVersion = 46;
	objects = {

/* Begin PBXBuildFile section */
		C5F7B87E17B9E9B100FB6223 /* Foundation.framework in Frameworks */ = {isa = PBXBuildFile; fileRef = C5F7B87D17B9E9B100FB6223 /* Foundation.framework */; };
		C5F7B88017B9E9B100FB6223 /* CoreGraphics.framework in Frameworks */ = {isa = PBXBuildFile; fileRef = C5F7B87F17B9E9B100FB6223 /* CoreGraphics.framework */; };
		C5F7B88217B9E9B100FB6223 /* UIKit.framework in Frameworks */ = {isa = PBXBuildFile; fileRef = C5F7B88117B9E9B100FB6223 /* UIKit.framework */; };
		C5F7B88817B9E9B100FB6223 /* InfoPlist.strings in Resources */ = {isa = PBXBuildFile; fileRef = C5F7B88617B9E9B100FB6223 /* InfoPlist.strings */; };
		C5F7B88A17B9E9B100FB6223 /* main.m in Sources */ = {isa = PBXBuildFile; fileRef = C5F7B88917B9E9B100FB6223 /* main.m */; };
		C5F7B88E17B9E9B100FB6223 /* AppDelegate.m in Sources */ = {isa = PBXBuildFile; fileRef = C5F7B88D17B9E9B100FB6223 /* AppDelegate.m */; };
		C5F7B89117B9E9B100FB6223 /* Main.storyboard in Resources */ = {isa = PBXBuildFile; fileRef = C5F7B88F17B9E9B100FB6223 /* Main.storyboard */; };
		C5F7B89417B9E9B100FB6223 /* ViewController.m in Sources */ = {isa = PBXBuildFile; fileRef = C5F7B89317B9E9B100FB6223 /* ViewController.m */; };
		C5F7B89617B9E9B100FB6223 /* Images.xcassets in Resources */ = {isa = PBXBuildFile; fileRef = C5F7B89517B9E9B100FB6223 /* Images.xcassets */; };
		C5F7B89D17B9E9B100FB6223 /* XCTest.framework in Frameworks */ = {isa = PBXBuildFile; fileRef = C5F7B89C17B9E9B100FB6223 /* XCTest.framework */; };
		C5F7B89E17B9E9B100FB6223 /* Foundation.framework in Frameworks */ = {isa = PBXBuildFile; fileRef = C5F7B87D17B9E9B100FB6223 /* Foundation.framework */; };
		C5F7B89F17B9E9B100FB6223 /* UIKit.framework in Frameworks */ = {isa = PBXBuildFile; fileRef = C5F7B88117B9E9B100FB6223 /* UIKit.framework */; };
		C5F7B8A717B9E9B100FB6223 /* InfoPlist.strings in Resources */ = {isa = PBXBuildFile; fileRef = C5F7B8A517B9E9B100FB6223 /* InfoPlist.strings */; };
		C5F7B8A917B9E9B100FB6223 /* findMeTests.m in Sources */ = {isa = PBXBuildFile; fileRef = C5F7B8A817B9E9B100FB6223 /* findMeTests.m */; };
		CE183A3617BD8208000B4D4B /* MapViewController.m in Sources */ = {isa = PBXBuildFile; fileRef = CE183A3517BD8208000B4D4B /* MapViewController.m */; };
		CE239FA417BE5D5400C5256A /* Button3.png in Resources */ = {isa = PBXBuildFile; fileRef = CE239FA217BE480100C5256A /* Button3.png */; };
		CE239FA517BE5D6F00C5256A /* Без имени-2.png in Resources */ = {isa = PBXBuildFile; fileRef = CE239FA317BE480100C5256A /* Без имени-2.png */; };
		CE3B984817BDF76100E6E1D1 /* CoreData.framework in Frameworks */ = {isa = PBXBuildFile; fileRef = CE3B984717BDF76100E6E1D1 /* CoreData.framework */; };
		CE464AAB17C20BFC00466E55 /* MapTrackingAnnotation.m in Sources */ = {isa = PBXBuildFile; fileRef = CE464AAA17C20BFC00466E55 /* MapTrackingAnnotation.m */; };
		CE8FEE0F17BD119A00C8F296 /* CoreLocation.framework in Frameworks */ = {isa = PBXBuildFile; fileRef = CE8FEE0E17BD119A00C8F296 /* CoreLocation.framework */; };
		CEA0BC7117BE13540002F1CB /* SearchTableViewController.m in Sources */ = {isa = PBXBuildFile; fileRef = CEA0BC7017BE13540002F1CB /* SearchTableViewController.m */; };
		CEA2D3C117C6185200F43304 /* PsyViewController.m in Sources */ = {isa = PBXBuildFile; fileRef = CEA2D3C017C6185200F43304 /* PsyViewController.m */; };
		CEA2D3E517C61F4A00F43304 /* MiniatureViewController.m in Sources */ = {isa = PBXBuildFile; fileRef = CEA2D3E417C61F4A00F43304 /* MiniatureViewController.m */; };
		CEAB561F17BFDA1E00CD5325 /* back.png in Resources */ = {isa = PBXBuildFile; fileRef = CEAB561D17BFDA1E00CD5325 /* back.png */; };
		CEAB562017BFDA1E00CD5325 /* logo1.png in Resources */ = {isa = PBXBuildFile; fileRef = CEAB561E17BFDA1E00CD5325 /* logo1.png */; };
		CEB9553417BB735200840EF0 /* MapKit.framework in Frameworks */ = {isa = PBXBuildFile; fileRef = CEB9553317BB735200840EF0 /* MapKit.framework */; };
		CEBFDE9617C618C500B4F970 /* NoLogo_2.png in Resources */ = {isa = PBXBuildFile; fileRef = CEBFDE9517C618C500B4F970 /* NoLogo_2.png */; };
		CED0F5FB17C4D0A700153AAF /* 103-map.png in Resources */ = {isa = PBXBuildFile; fileRef = CED0F5FA17C4D0A700153AAF /* 103-map.png */; };
		CEDD983217C4D39C005FA655 /* 07-map-marker.png in Resources */ = {isa = PBXBuildFile; fileRef = CED0F5FC17C4D0C600153AAF /* 07-map-marker.png */; };
		CEE4CB7017C234080078C950 /* back_1.png in Resources */ = {isa = PBXBuildFile; fileRef = CEE4CB6E17C234080078C950 /* back_1.png */; };
		CEE4CB7117C234080078C950 /* Button3On.png in Resources */ = {isa = PBXBuildFile; fileRef = CEE4CB6F17C234080078C950 /* Button3On.png */; };
		CEE4CB8517C4C05C0078C950 /* logo2.png in Resources */ = {isa = PBXBuildFile; fileRef = CEE4CB8417C4C05C0078C950 /* logo2.png */; };
		CEE4CB8717C4C4E60078C950 /* NoLogo.png in Resources */ = {isa = PBXBuildFile; fileRef = CEE4CB8617C4C4E60078C950 /* NoLogo.png */; };
		CEF5FCD017BF69C200AD3643 /* APIDownload.m in Sources */ = {isa = PBXBuildFile; fileRef = CEF5FCCF17BF69C200AD3643 /* APIDownload.m */; settings = {COMPILER_FLAGS = "-fno-objc-arc"; }; };
		CEF5FCE717BF69D400AD3643 /* CDataScanner.m in Sources */ = {isa = PBXBuildFile; fileRef = CEF5FCD317BF69D400AD3643 /* CDataScanner.m */; settings = {COMPILER_FLAGS = "-fno-objc-arc"; }; };
		CEF5FCE817BF69D400AD3643 /* CDataScanner_Extensions.m in Sources */ = {isa = PBXBuildFile; fileRef = CEF5FCD517BF69D400AD3643 /* CDataScanner_Extensions.m */; settings = {COMPILER_FLAGS = "-fno-objc-arc"; }; };
		CEF5FCE917BF69D400AD3643 /* CFilteringJSONSerializer.m in Sources */ = {isa = PBXBuildFile; fileRef = CEF5FCD717BF69D400AD3643 /* CFilteringJSONSerializer.m */; settings = {COMPILER_FLAGS = "-fno-objc-arc"; }; };
		CEF5FCEA17BF69D400AD3643 /* CJSONDeserializer.m in Sources */ = {isa = PBXBuildFile; fileRef = CEF5FCD917BF69D400AD3643 /* CJSONDeserializer.m */; settings = {COMPILER_FLAGS = "-fno-objc-arc"; }; };
		CEF5FCEB17BF69D400AD3643 /* CJSONDeserializer_BlocksExtensions.m in Sources */ = {isa = PBXBuildFile; fileRef = CEF5FCDB17BF69D400AD3643 /* CJSONDeserializer_BlocksExtensions.m */; settings = {COMPILER_FLAGS = "-fno-objc-arc"; }; };
		CEF5FCEC17BF69D400AD3643 /* CJSONScanner.m in Sources */ = {isa = PBXBuildFile; fileRef = CEF5FCDD17BF69D400AD3643 /* CJSONScanner.m */; settings = {COMPILER_FLAGS = "-fno-objc-arc"; }; };
		CEF5FCED17BF69D400AD3643 /* CJSONSerialization.m in Sources */ = {isa = PBXBuildFile; fileRef = CEF5FCDF17BF69D400AD3643 /* CJSONSerialization.m */; settings = {COMPILER_FLAGS = "-fno-objc-arc"; }; };
		CEF5FCEE17BF69D400AD3643 /* CJSONSerializedData.m in Sources */ = {isa = PBXBuildFile; fileRef = CEF5FCE117BF69D400AD3643 /* CJSONSerializedData.m */; settings = {COMPILER_FLAGS = "-fno-objc-arc"; }; };
		CEF5FCEF17BF69D400AD3643 /* CJSONSerializer.m in Sources */ = {isa = PBXBuildFile; fileRef = CEF5FCE317BF69D400AD3643 /* CJSONSerializer.m */; settings = {COMPILER_FLAGS = "-fno-objc-arc"; }; };
		CEF5FCF017BF69D400AD3643 /* NSDictionary_JSONExtensions.m in Sources */ = {isa = PBXBuildFile; fileRef = CEF5FCE617BF69D400AD3643 /* NSDictionary_JSONExtensions.m */; settings = {COMPILER_FLAGS = "-fno-objc-arc"; }; };
		CEF5FCF917BF774F00AD3643 /* VKontakteViewController.m in Sources */ = {isa = PBXBuildFile; fileRef = CEF5FCF817BF774F00AD3643 /* VKontakteViewController.m */; };
/* End PBXBuildFile section */

/* Begin PBXContainerItemProxy section */
		C5F7B8A017B9E9B100FB6223 /* PBXContainerItemProxy */ = {
			isa = PBXContainerItemProxy;
			containerPortal = C5F7B87217B9E9B100FB6223 /* Project object */;
			proxyType = 1;
			remoteGlobalIDString = C5F7B87917B9E9B100FB6223;
			remoteInfo = findMe;
		};
/* End PBXContainerItemProxy section */

/* Begin PBXFileReference section */
		C5F7B87A17B9E9B100FB6223 /* findMe.app */ = {isa = PBXFileReference; explicitFileType = wrapper.application; includeInIndex = 0; path = findMe.app; sourceTree = BUILT_PRODUCTS_DIR; };
		C5F7B87D17B9E9B100FB6223 /* Foundation.framework */ = {isa = PBXFileReference; lastKnownFileType = wrapper.framework; name = Foundation.framework; path = System/Library/Frameworks/Foundation.framework; sourceTree = SDKROOT; };
		C5F7B87F17B9E9B100FB6223 /* CoreGraphics.framework */ = {isa = PBXFileReference; lastKnownFileType = wrapper.framework; name = CoreGraphics.framework; path = System/Library/Frameworks/CoreGraphics.framework; sourceTree = SDKROOT; };
		C5F7B88117B9E9B100FB6223 /* UIKit.framework */ = {isa = PBXFileReference; lastKnownFileType = wrapper.framework; name = UIKit.framework; path = System/Library/Frameworks/UIKit.framework; sourceTree = SDKROOT; };
		C5F7B88517B9E9B100FB6223 /* findMe-Info.plist */ = {isa = PBXFileReference; lastKnownFileType = text.plist.xml; path = "findMe-Info.plist"; sourceTree = "<group>"; };
		C5F7B88717B9E9B100FB6223 /* en */ = {isa = PBXFileReference; lastKnownFileType = text.plist.strings; name = en; path = en.lproj/InfoPlist.strings; sourceTree = "<group>"; };
		C5F7B88917B9E9B100FB6223 /* main.m */ = {isa = PBXFileReference; lastKnownFileType = sourcecode.c.objc; path = main.m; sourceTree = "<group>"; };
		C5F7B88B17B9E9B100FB6223 /* findMe-Prefix.pch */ = {isa = PBXFileReference; lastKnownFileType = sourcecode.c.h; path = "findMe-Prefix.pch"; sourceTree = "<group>"; };
		C5F7B88C17B9E9B100FB6223 /* AppDelegate.h */ = {isa = PBXFileReference; lastKnownFileType = sourcecode.c.h; path = AppDelegate.h; sourceTree = "<group>"; };
		C5F7B88D17B9E9B100FB6223 /* AppDelegate.m */ = {isa = PBXFileReference; lastKnownFileType = sourcecode.c.objc; path = AppDelegate.m; sourceTree = "<group>"; };
		C5F7B89017B9E9B100FB6223 /* Base */ = {isa = PBXFileReference; lastKnownFileType = file.storyboard; name = Base; path = Base.lproj/Main.storyboard; sourceTree = "<group>"; };
		C5F7B89217B9E9B100FB6223 /* ViewController.h */ = {isa = PBXFileReference; lastKnownFileType = sourcecode.c.h; path = ViewController.h; sourceTree = "<group>"; };
		C5F7B89317B9E9B100FB6223 /* ViewController.m */ = {isa = PBXFileReference; lastKnownFileType = sourcecode.c.objc; path = ViewController.m; sourceTree = "<group>"; };
		C5F7B89517B9E9B100FB6223 /* Images.xcassets */ = {isa = PBXFileReference; lastKnownFileType = folder.assetcatalog; path = Images.xcassets; sourceTree = "<group>"; };
		C5F7B89B17B9E9B100FB6223 /* findMeTests.xctest */ = {isa = PBXFileReference; explicitFileType = wrapper.cfbundle; includeInIndex = 0; path = findMeTests.xctest; sourceTree = BUILT_PRODUCTS_DIR; };
		C5F7B89C17B9E9B100FB6223 /* XCTest.framework */ = {isa = PBXFileReference; lastKnownFileType = wrapper.framework; name = XCTest.framework; path = Library/Frameworks/XCTest.framework; sourceTree = DEVELOPER_DIR; };
		C5F7B8A417B9E9B100FB6223 /* findMeTests-Info.plist */ = {isa = PBXFileReference; lastKnownFileType = text.plist.xml; path = "findMeTests-Info.plist"; sourceTree = "<group>"; };
		C5F7B8A617B9E9B100FB6223 /* en */ = {isa = PBXFileReference; lastKnownFileType = text.plist.strings; name = en; path = en.lproj/InfoPlist.strings; sourceTree = "<group>"; };
		C5F7B8A817B9E9B100FB6223 /* findMeTests.m */ = {isa = PBXFileReference; lastKnownFileType = sourcecode.c.objc; path = findMeTests.m; sourceTree = "<group>"; };
		C5F7B8B317B9E9DE00FB6223 /* Core.h */ = {isa = PBXFileReference; lastKnownFileType = sourcecode.c.h; path = Core.h; sourceTree = "<group>"; };
		C5F7B8B417B9E9DE00FB6223 /* Core.m */ = {isa = PBXFileReference; lastKnownFileType = sourcecode.c.objc; path = Core.m; sourceTree = "<group>"; };
		CE183A3417BD8208000B4D4B /* MapViewController.h */ = {isa = PBXFileReference; fileEncoding = 4; lastKnownFileType = sourcecode.c.h; path = MapViewController.h; sourceTree = "<group>"; };
		CE183A3517BD8208000B4D4B /* MapViewController.m */ = {isa = PBXFileReference; fileEncoding = 4; lastKnownFileType = sourcecode.c.objc; path = MapViewController.m; sourceTree = "<group>"; };
		CE239FA217BE480100C5256A /* Button3.png */ = {isa = PBXFileReference; lastKnownFileType = image.png; path = Button3.png; sourceTree = SOURCE_ROOT; };
		CE239FA317BE480100C5256A /* Без имени-2.png */ = {isa = PBXFileReference; lastKnownFileType = image.png; path = "Без имени-2.png"; sourceTree = SOURCE_ROOT; };
		CE3B984717BDF76100E6E1D1 /* CoreData.framework */ = {isa = PBXFileReference; lastKnownFileType = wrapper.framework; name = CoreData.framework; path = System/Library/Frameworks/CoreData.framework; sourceTree = SDKROOT; };
		CE464AA917C20BFC00466E55 /* MapTrackingAnnotation.h */ = {isa = PBXFileReference; fileEncoding = 4; lastKnownFileType = sourcecode.c.h; path = MapTrackingAnnotation.h; sourceTree = "<group>"; };
		CE464AAA17C20BFC00466E55 /* MapTrackingAnnotation.m */ = {isa = PBXFileReference; fileEncoding = 4; lastKnownFileType = sourcecode.c.objc; path = MapTrackingAnnotation.m; sourceTree = "<group>"; };
		CE567F3817C6524B00454FF5 /* 1.png */ = {isa = PBXFileReference; lastKnownFileType = image.png; path = 1.png; sourceTree = "<group>"; };
		CE567F3917C6524B00454FF5 /* 10.png */ = {isa = PBXFileReference; lastKnownFileType = image.png; path = 10.png; sourceTree = "<group>"; };
		CE567F3A17C6524B00454FF5 /* 11.png */ = {isa = PBXFileReference; lastKnownFileType = image.png; path = 11.png; sourceTree = "<group>"; };
		CE567F3B17C6524B00454FF5 /* 12.png */ = {isa = PBXFileReference; lastKnownFileType = image.png; path = 12.png; sourceTree = "<group>"; };
		CE567F3C17C6524B00454FF5 /* 13.png */ = {isa = PBXFileReference; lastKnownFileType = image.png; path = 13.png; sourceTree = "<group>"; };
		CE567F3D17C6524B00454FF5 /* 14.png */ = {isa = PBXFileReference; lastKnownFileType = image.png; path = 14.png; sourceTree = "<group>"; };
		CE567F3E17C6524B00454FF5 /* 15.png */ = {isa = PBXFileReference; lastKnownFileType = image.png; path = 15.png; sourceTree = "<group>"; };
		CE567F3F17C6524B00454FF5 /* 16.png */ = {isa = PBXFileReference; lastKnownFileType = image.png; path = 16.png; sourceTree = "<group>"; };
		CE567F4017C6524B00454FF5 /* 17.png */ = {isa = PBXFileReference; lastKnownFileType = image.png; path = 17.png; sourceTree = "<group>"; };
		CE567F4117C6524B00454FF5 /* 18.png */ = {isa = PBXFileReference; lastKnownFileType = image.png; path = 18.png; sourceTree = "<group>"; };
		CE567F4217C6524B00454FF5 /* 19.png */ = {isa = PBXFileReference; lastKnownFileType = image.png; path = 19.png; sourceTree = "<group>"; };
		CE567F4317C6524B00454FF5 /* 2.png */ = {isa = PBXFileReference; lastKnownFileType = image.png; path = 2.png; sourceTree = "<group>"; };
		CE567F4417C6524B00454FF5 /* 3.png */ = {isa = PBXFileReference; lastKnownFileType = image.png; path = 3.png; sourceTree = "<group>"; };
		CE567F4517C6524B00454FF5 /* 4.png */ = {isa = PBXFileReference; lastKnownFileType = image.png; path = 4.png; sourceTree = "<group>"; };
		CE567F4617C6524B00454FF5 /* 5.png */ = {isa = PBXFileReference; lastKnownFileType = image.png; path = 5.png; sourceTree = "<group>"; };
		CE567F4717C6524B00454FF5 /* 6.png */ = {isa = PBXFileReference; lastKnownFileType = image.png; path = 6.png; sourceTree = "<group>"; };
		CE567F4817C6524B00454FF5 /* 7.png */ = {isa = PBXFileReference; lastKnownFileType = image.png; path = 7.png; sourceTree = "<group>"; };
		CE567F4917C6524B00454FF5 /* 8.png */ = {isa = PBXFileReference; lastKnownFileType = image.png; path = 8.png; sourceTree = "<group>"; };
		CE567F4A17C6524B00454FF5 /* 9.png */ = {isa = PBXFileReference; lastKnownFileType = image.png; path = 9.png; sourceTree = "<group>"; };
		CE567F4C17C6524B00454FF5 /* win_1.png */ = {isa = PBXFileReference; lastKnownFileType = image.png; path = win_1.png; sourceTree = "<group>"; };
		CE567F4D17C6524B00454FF5 /* win_10.png */ = {isa = PBXFileReference; lastKnownFileType = image.png; path = win_10.png; sourceTree = "<group>"; };
		CE567F4E17C6524B00454FF5 /* win_11.png */ = {isa = PBXFileReference; lastKnownFileType = image.png; path = win_11.png; sourceTree = "<group>"; };
		CE567F4F17C6524B00454FF5 /* win_12.png */ = {isa = PBXFileReference; lastKnownFileType = image.png; path = win_12.png; sourceTree = "<group>"; };
		CE567F5017C6524B00454FF5 /* win_13.png */ = {isa = PBXFileReference; lastKnownFileType = image.png; path = win_13.png; sourceTree = "<group>"; };
		CE567F5117C6524B00454FF5 /* win_14.png */ = {isa = PBXFileReference; lastKnownFileType = image.png; path = win_14.png; sourceTree = "<group>"; };
		CE567F5217C6524B00454FF5 /* win_15.png */ = {isa = PBXFileReference; lastKnownFileType = image.png; path = win_15.png; sourceTree = "<group>"; };
		CE567F5317C6524B00454FF5 /* win_16.png */ = {isa = PBXFileReference; lastKnownFileType = image.png; path = win_16.png; sourceTree = "<group>"; };
		CE567F5417C6524B00454FF5 /* win_2.png */ = {isa = PBXFileReference; lastKnownFileType = image.png; path = win_2.png; sourceTree = "<group>"; };
		CE567F5517C6524B00454FF5 /* win_3.png */ = {isa = PBXFileReference; lastKnownFileType = image.png; path = win_3.png; sourceTree = "<group>"; };
		CE567F5617C6524B00454FF5 /* win_4.png */ = {isa = PBXFileReference; lastKnownFileType = image.png; path = win_4.png; sourceTree = "<group>"; };
		CE567F5717C6524B00454FF5 /* win_5.png */ = {isa = PBXFileReference; lastKnownFileType = image.png; path = win_5.png; sourceTree = "<group>"; };
		CE567F5817C6524B00454FF5 /* win_6.png */ = {isa = PBXFileReference; lastKnownFileType = image.png; path = win_6.png; sourceTree = "<group>"; };
		CE567F5917C6524B00454FF5 /* win_7.png */ = {isa = PBXFileReference; lastKnownFileType = image.png; path = win_7.png; sourceTree = "<group>"; };
		CE567F5A17C6524B00454FF5 /* win_8.png */ = {isa = PBXFileReference; lastKnownFileType = image.png; path = win_8.png; sourceTree = "<group>"; };
		CE567F5B17C6524B00454FF5 /* win_9.png */ = {isa = PBXFileReference; lastKnownFileType = image.png; path = win_9.png; sourceTree = "<group>"; };
		CE8FEE0E17BD119A00C8F296 /* CoreLocation.framework */ = {isa = PBXFileReference; lastKnownFileType = wrapper.framework; name = CoreLocation.framework; path = System/Library/Frameworks/CoreLocation.framework; sourceTree = SDKROOT; };
		CEA0BC6F17BE13540002F1CB /* SearchTableViewController.h */ = {isa = PBXFileReference; fileEncoding = 4; lastKnownFileType = sourcecode.c.h; path = SearchTableViewController.h; sourceTree = "<group>"; };
		CEA0BC7017BE13540002F1CB /* SearchTableViewController.m */ = {isa = PBXFileReference; fileEncoding = 4; lastKnownFileType = sourcecode.c.objc; path = SearchTableViewController.m; sourceTree = "<group>"; };
		CEA2D3BF17C6185200F43304 /* PsyViewController.h */ = {isa = PBXFileReference; fileEncoding = 4; lastKnownFileType = sourcecode.c.h; path = PsyViewController.h; sourceTree = SOURCE_ROOT; };
		CEA2D3C017C6185200F43304 /* PsyViewController.m */ = {isa = PBXFileReference; fileEncoding = 4; lastKnownFileType = sourcecode.c.objc; path = PsyViewController.m; sourceTree = SOURCE_ROOT; };
		CEA2D3E317C61F4A00F43304 /* MiniatureViewController.h */ = {isa = PBXFileReference; fileEncoding = 4; lastKnownFileType = sourcecode.c.h; path = MiniatureViewController.h; sourceTree = "<group>"; };
		CEA2D3E417C61F4A00F43304 /* MiniatureViewController.m */ = {isa = PBXFileReference; fileEncoding = 4; lastKnownFileType = sourcecode.c.objc; path = MiniatureViewController.m; sourceTree = "<group>"; };
		CEAB561D17BFDA1E00CD5325 /* back.png */ = {isa = PBXFileReference; lastKnownFileType = image.png; path = back.png; sourceTree = "<group>"; };
		CEAB561E17BFDA1E00CD5325 /* logo1.png */ = {isa = PBXFileReference; lastKnownFileType = image.png; path = logo1.png; sourceTree = "<group>"; };
		CEB9553317BB735200840EF0 /* MapKit.framework */ = {isa = PBXFileReference; lastKnownFileType = wrapper.framework; name = MapKit.framework; path = System/Library/Frameworks/MapKit.framework; sourceTree = SDKROOT; };
		CEBFDE9517C618C500B4F970 /* NoLogo_2.png */ = {isa = PBXFileReference; lastKnownFileType = image.png; path = NoLogo_2.png; sourceTree = "<group>"; };
		CED0F5FA17C4D0A700153AAF /* 103-map.png */ = {isa = PBXFileReference; lastKnownFileType = image.png; name = "103-map.png"; path = "findMe/103-map.png"; sourceTree = SOURCE_ROOT; };
		CED0F5FC17C4D0C600153AAF /* 07-map-marker.png */ = {isa = PBXFileReference; lastKnownFileType = image.png; name = "07-map-marker.png"; path = "findMe/07-map-marker.png"; sourceTree = SOURCE_ROOT; };
		CEE4CB6E17C234080078C950 /* back_1.png */ = {isa = PBXFileReference; lastKnownFileType = image.png; path = back_1.png; sourceTree = "<group>"; };
		CEE4CB6F17C234080078C950 /* Button3On.png */ = {isa = PBXFileReference; lastKnownFileType = image.png; path = Button3On.png; sourceTree = "<group>"; };
		CEE4CB8417C4C05C0078C950 /* logo2.png */ = {isa = PBXFileReference; lastKnownFileType = image.png; path = logo2.png; sourceTree = "<group>"; };
		CEE4CB8617C4C4E60078C950 /* NoLogo.png */ = {isa = PBXFileReference; lastKnownFileType = image.png; path = NoLogo.png; sourceTree = "<group>"; };
		CEE4CB8A17C4CA5F0078C950 /* MapNoteAnnotation.h */ = {isa = PBXFileReference; lastKnownFileType = sourcecode.c.h; path = MapNoteAnnotation.h; sourceTree = "<group>"; };
		CEE4CB8B17C4CA5F0078C950 /* MapNoteAnnotation.m */ = {isa = PBXFileReference; lastKnownFileType = sourcecode.c.objc; path = MapNoteAnnotation.m; sourceTree = "<group>"; };
		CEF5FCCE17BF69C200AD3643 /* APIDownload.h */ = {isa = PBXFileReference; fileEncoding = 4; lastKnownFileType = sourcecode.c.h; path = APIDownload.h; sourceTree = "<group>"; };
		CEF5FCCF17BF69C200AD3643 /* APIDownload.m */ = {isa = PBXFileReference; fileEncoding = 4; lastKnownFileType = sourcecode.c.objc; path = APIDownload.m; sourceTree = "<group>"; };
		CEF5FCD217BF69D400AD3643 /* CDataScanner.h */ = {isa = PBXFileReference; fileEncoding = 4; lastKnownFileType = sourcecode.c.h; path = CDataScanner.h; sourceTree = "<group>"; };
		CEF5FCD317BF69D400AD3643 /* CDataScanner.m */ = {isa = PBXFileReference; fileEncoding = 4; lastKnownFileType = sourcecode.c.objc; path = CDataScanner.m; sourceTree = "<group>"; };
		CEF5FCD417BF69D400AD3643 /* CDataScanner_Extensions.h */ = {isa = PBXFileReference; fileEncoding = 4; lastKnownFileType = sourcecode.c.h; path = CDataScanner_Extensions.h; sourceTree = "<group>"; };
		CEF5FCD517BF69D400AD3643 /* CDataScanner_Extensions.m */ = {isa = PBXFileReference; fileEncoding = 4; lastKnownFileType = sourcecode.c.objc; path = CDataScanner_Extensions.m; sourceTree = "<group>"; };
		CEF5FCD617BF69D400AD3643 /* CFilteringJSONSerializer.h */ = {isa = PBXFileReference; fileEncoding = 4; lastKnownFileType = sourcecode.c.h; path = CFilteringJSONSerializer.h; sourceTree = "<group>"; };
		CEF5FCD717BF69D400AD3643 /* CFilteringJSONSerializer.m */ = {isa = PBXFileReference; fileEncoding = 4; lastKnownFileType = sourcecode.c.objc; path = CFilteringJSONSerializer.m; sourceTree = "<group>"; };
		CEF5FCD817BF69D400AD3643 /* CJSONDeserializer.h */ = {isa = PBXFileReference; fileEncoding = 4; lastKnownFileType = sourcecode.c.h; path = CJSONDeserializer.h; sourceTree = "<group>"; };
		CEF5FCD917BF69D400AD3643 /* CJSONDeserializer.m */ = {isa = PBXFileReference; fileEncoding = 4; lastKnownFileType = sourcecode.c.objc; path = CJSONDeserializer.m; sourceTree = "<group>"; };
		CEF5FCDA17BF69D400AD3643 /* CJSONDeserializer_BlocksExtensions.h */ = {isa = PBXFileReference; fileEncoding = 4; lastKnownFileType = sourcecode.c.h; path = CJSONDeserializer_BlocksExtensions.h; sourceTree = "<group>"; };
		CEF5FCDB17BF69D400AD3643 /* CJSONDeserializer_BlocksExtensions.m */ = {isa = PBXFileReference; fileEncoding = 4; lastKnownFileType = sourcecode.c.objc; path = CJSONDeserializer_BlocksExtensions.m; sourceTree = "<group>"; };
		CEF5FCDC17BF69D400AD3643 /* CJSONScanner.h */ = {isa = PBXFileReference; fileEncoding = 4; lastKnownFileType = sourcecode.c.h; path = CJSONScanner.h; sourceTree = "<group>"; };
		CEF5FCDD17BF69D400AD3643 /* CJSONScanner.m */ = {isa = PBXFileReference; fileEncoding = 4; lastKnownFileType = sourcecode.c.objc; path = CJSONScanner.m; sourceTree = "<group>"; };
		CEF5FCDE17BF69D400AD3643 /* CJSONSerialization.h */ = {isa = PBXFileReference; fileEncoding = 4; lastKnownFileType = sourcecode.c.h; path = CJSONSerialization.h; sourceTree = "<group>"; };
		CEF5FCDF17BF69D400AD3643 /* CJSONSerialization.m */ = {isa = PBXFileReference; fileEncoding = 4; lastKnownFileType = sourcecode.c.objc; path = CJSONSerialization.m; sourceTree = "<group>"; };
		CEF5FCE017BF69D400AD3643 /* CJSONSerializedData.h */ = {isa = PBXFileReference; fileEncoding = 4; lastKnownFileType = sourcecode.c.h; path = CJSONSerializedData.h; sourceTree = "<group>"; };
		CEF5FCE117BF69D400AD3643 /* CJSONSerializedData.m */ = {isa = PBXFileReference; fileEncoding = 4; lastKnownFileType = sourcecode.c.objc; path = CJSONSerializedData.m; sourceTree = "<group>"; };
		CEF5FCE217BF69D400AD3643 /* CJSONSerializer.h */ = {isa = PBXFileReference; fileEncoding = 4; lastKnownFileType = sourcecode.c.h; path = CJSONSerializer.h; sourceTree = "<group>"; };
		CEF5FCE317BF69D400AD3643 /* CJSONSerializer.m */ = {isa = PBXFileReference; fileEncoding = 4; lastKnownFileType = sourcecode.c.objc; path = CJSONSerializer.m; sourceTree = "<group>"; };
		CEF5FCE417BF69D400AD3643 /* JSONRepresentation.h */ = {isa = PBXFileReference; fileEncoding = 4; lastKnownFileType = sourcecode.c.h; path = JSONRepresentation.h; sourceTree = "<group>"; };
		CEF5FCE517BF69D400AD3643 /* NSDictionary_JSONExtensions.h */ = {isa = PBXFileReference; fileEncoding = 4; lastKnownFileType = sourcecode.c.h; path = NSDictionary_JSONExtensions.h; sourceTree = "<group>"; };
		CEF5FCE617BF69D400AD3643 /* NSDictionary_JSONExtensions.m */ = {isa = PBXFileReference; fileEncoding = 4; lastKnownFileType = sourcecode.c.objc; path = NSDictionary_JSONExtensions.m; sourceTree = "<group>"; };
		CEF5FCF717BF774F00AD3643 /* VKontakteViewController.h */ = {isa = PBXFileReference; fileEncoding = 4; lastKnownFileType = sourcecode.c.h; path = VKontakteViewController.h; sourceTree = "<group>"; };
		CEF5FCF817BF774F00AD3643 /* VKontakteViewController.m */ = {isa = PBXFileReference; fileEncoding = 4; lastKnownFileType = sourcecode.c.objc; path = VKontakteViewController.m; sourceTree = "<group>"; };
/* End PBXFileReference section */

/* Begin PBXFrameworksBuildPhase section */
		C5F7B87717B9E9B100FB6223 /* Frameworks */ = {
			isa = PBXFrameworksBuildPhase;
			buildActionMask = 2147483647;
			files = (
				CE3B984817BDF76100E6E1D1 /* CoreData.framework in Frameworks */,
				CE8FEE0F17BD119A00C8F296 /* CoreLocation.framework in Frameworks */,
				CEB9553417BB735200840EF0 /* MapKit.framework in Frameworks */,
				C5F7B88017B9E9B100FB6223 /* CoreGraphics.framework in Frameworks */,
				C5F7B88217B9E9B100FB6223 /* UIKit.framework in Frameworks */,
				C5F7B87E17B9E9B100FB6223 /* Foundation.framework in Frameworks */,
			);
			runOnlyForDeploymentPostprocessing = 0;
		};
		C5F7B89817B9E9B100FB6223 /* Frameworks */ = {
			isa = PBXFrameworksBuildPhase;
			buildActionMask = 2147483647;
			files = (
				C5F7B89D17B9E9B100FB6223 /* XCTest.framework in Frameworks */,
				C5F7B89F17B9E9B100FB6223 /* UIKit.framework in Frameworks */,
				C5F7B89E17B9E9B100FB6223 /* Foundation.framework in Frameworks */,
			);
			runOnlyForDeploymentPostprocessing = 0;
		};
/* End PBXFrameworksBuildPhase section */

/* Begin PBXGroup section */
		C5F7B87117B9E9B100FB6223 = {
			isa = PBXGroup;
			children = (
				C5F7B88317B9E9B100FB6223 /* findMe */,
				C5F7B8A217B9E9B100FB6223 /* findMeTests */,
				C5F7B87C17B9E9B100FB6223 /* Frameworks */,
				C5F7B87B17B9E9B100FB6223 /* Products */,
			);
			sourceTree = "<group>";
		};
		C5F7B87B17B9E9B100FB6223 /* Products */ = {
			isa = PBXGroup;
			children = (
				C5F7B87A17B9E9B100FB6223 /* findMe.app */,
				C5F7B89B17B9E9B100FB6223 /* findMeTests.xctest */,
			);
			name = Products;
			sourceTree = "<group>";
		};
		C5F7B87C17B9E9B100FB6223 /* Frameworks */ = {
			isa = PBXGroup;
			children = (
				CE3B984717BDF76100E6E1D1 /* CoreData.framework */,
				CE8FEE0E17BD119A00C8F296 /* CoreLocation.framework */,
				CEB9553317BB735200840EF0 /* MapKit.framework */,
				C5F7B87D17B9E9B100FB6223 /* Foundation.framework */,
				C5F7B87F17B9E9B100FB6223 /* CoreGraphics.framework */,
				C5F7B88117B9E9B100FB6223 /* UIKit.framework */,
				C5F7B89C17B9E9B100FB6223 /* XCTest.framework */,
			);
			name = Frameworks;
			sourceTree = "<group>";
		};
		C5F7B88317B9E9B100FB6223 /* findMe */ = {
			isa = PBXGroup;
			children = (
				C5F7B8B517B9E9E400FB6223 /* UI */,
				CEF5FCCC17BF698600AD3643 /* ESI */,
				C5F7B8B217B9E9BA00FB6223 /* Core */,
				C5F7B88417B9E9B100FB6223 /* Supporting Files */,
			);
			path = findMe;
			sourceTree = "<group>";
		};
		C5F7B88417B9E9B100FB6223 /* Supporting Files */ = {
			isa = PBXGroup;
			children = (
				CEE4CB6E17C234080078C950 /* back_1.png */,
				CEE4CB6F17C234080078C950 /* Button3On.png */,
				CEAB561D17BFDA1E00CD5325 /* back.png */,
				CEAB561E17BFDA1E00CD5325 /* logo1.png */,
				C5F7B88C17B9E9B100FB6223 /* AppDelegate.h */,
				C5F7B88D17B9E9B100FB6223 /* AppDelegate.m */,
				C5F7B89517B9E9B100FB6223 /* Images.xcassets */,
				C5F7B88517B9E9B100FB6223 /* findMe-Info.plist */,
				C5F7B88617B9E9B100FB6223 /* InfoPlist.strings */,
				C5F7B88917B9E9B100FB6223 /* main.m */,
				C5F7B88B17B9E9B100FB6223 /* findMe-Prefix.pch */,
			);
			name = "Supporting Files";
			sourceTree = "<group>";
		};
		C5F7B8A217B9E9B100FB6223 /* findMeTests */ = {
			isa = PBXGroup;
			children = (
				C5F7B8A817B9E9B100FB6223 /* findMeTests.m */,
				C5F7B8A317B9E9B100FB6223 /* Supporting Files */,
			);
			path = findMeTests;
			sourceTree = "<group>";
		};
		C5F7B8A317B9E9B100FB6223 /* Supporting Files */ = {
			isa = PBXGroup;
			children = (
				C5F7B8A417B9E9B100FB6223 /* findMeTests-Info.plist */,
				C5F7B8A517B9E9B100FB6223 /* InfoPlist.strings */,
			);
			name = "Supporting Files";
			sourceTree = "<group>";
		};
		C5F7B8B217B9E9BA00FB6223 /* Core */ = {
			isa = PBXGroup;
			children = (
				C5F7B8B317B9E9DE00FB6223 /* Core.h */,
				C5F7B8B417B9E9DE00FB6223 /* Core.m */,
			);
			name = Core;
			sourceTree = "<group>";
		};
		C5F7B8B517B9E9E400FB6223 /* UI */ = {
			isa = PBXGroup;
			children = (
				CEE4CB8A17C4CA5F0078C950 /* MapNoteAnnotation.h */,
				CEE4CB8B17C4CA5F0078C950 /* MapNoteAnnotation.m */,
				CE464AAC17C20C0100466E55 /* Models */,
				C5F7B88F17B9E9B100FB6223 /* Main.storyboard */,
				C5F7B89217B9E9B100FB6223 /* ViewController.h */,
				C5F7B89317B9E9B100FB6223 /* ViewController.m */,
				CE239F8817BE437A00C5256A /* imiges */,
				CE183A3417BD8208000B4D4B /* MapViewController.h */,
				CE183A3517BD8208000B4D4B /* MapViewController.m */,
				CEA0BC6F17BE13540002F1CB /* SearchTableViewController.h */,
				CEA0BC7017BE13540002F1CB /* SearchTableViewController.m */,
				CEF5FCF717BF774F00AD3643 /* VKontakteViewController.h */,
				CEF5FCF817BF774F00AD3643 /* VKontakteViewController.m */,
				CEA2D3BF17C6185200F43304 /* PsyViewController.h */,
				CEA2D3C017C6185200F43304 /* PsyViewController.m */,
				CEA2D3E317C61F4A00F43304 /* MiniatureViewController.h */,
				CEA2D3E417C61F4A00F43304 /* MiniatureViewController.m */,
			);
			name = UI;
			sourceTree = "<group>";
		};
		CE239F8817BE437A00C5256A /* imiges */ = {
			isa = PBXGroup;
			children = (
				CE567F3717C6524B00454FF5 /* Miniature */,
				CE567F4B17C6524B00454FF5 /* psy */,
				CED0F5FC17C4D0C600153AAF /* 07-map-marker.png */,
				CED0F5FA17C4D0A700153AAF /* 103-map.png */,
				CEBFDE9517C618C500B4F970 /* NoLogo_2.png */,
				CE239FA217BE480100C5256A /* Button3.png */,
				CEE4CB8417C4C05C0078C950 /* logo2.png */,
				CEE4CB8617C4C4E60078C950 /* NoLogo.png */,
				CE239FA317BE480100C5256A /* Без имени-2.png */,
			);
			name = imiges;
			sourceTree = "<group>";
		};
		CE464AAC17C20C0100466E55 /* Models */ = {
			isa = PBXGroup;
			children = (
				CE464AA917C20BFC00466E55 /* MapTrackingAnnotation.h */,
				CE464AAA17C20BFC00466E55 /* MapTrackingAnnotation.m */,
			);
			name = Models;
			sourceTree = "<group>";
		};
		CE567F3717C6524B00454FF5 /* Miniature */ = {
			isa = PBXGroup;
			children = (
				CE567F3817C6524B00454FF5 /* 1.png */,
				CE567F3917C6524B00454FF5 /* 10.png */,
				CE567F3A17C6524B00454FF5 /* 11.png */,
				CE567F3B17C6524B00454FF5 /* 12.png */,
				CE567F3C17C6524B00454FF5 /* 13.png */,
				CE567F3D17C6524B00454FF5 /* 14.png */,
				CE567F3E17C6524B00454FF5 /* 15.png */,
				CE567F3F17C6524B00454FF5 /* 16.png */,
				CE567F4017C6524B00454FF5 /* 17.png */,
				CE567F4117C6524B00454FF5 /* 18.png */,
				CE567F4217C6524B00454FF5 /* 19.png */,
				CE567F4317C6524B00454FF5 /* 2.png */,
				CE567F4417C6524B00454FF5 /* 3.png */,
				CE567F4517C6524B00454FF5 /* 4.png */,
				CE567F4617C6524B00454FF5 /* 5.png */,
				CE567F4717C6524B00454FF5 /* 6.png */,
				CE567F4817C6524B00454FF5 /* 7.png */,
				CE567F4917C6524B00454FF5 /* 8.png */,
				CE567F4A17C6524B00454FF5 /* 9.png */,
			);
			path = Miniature;
			sourceTree = "<group>";
		};
		CE567F4B17C6524B00454FF5 /* psy */ = {
			isa = PBXGroup;
			children = (
				CE567F4C17C6524B00454FF5 /* win_1.png */,
				CE567F4D17C6524B00454FF5 /* win_10.png */,
				CE567F4E17C6524B00454FF5 /* win_11.png */,
				CE567F4F17C6524B00454FF5 /* win_12.png */,
				CE567F5017C6524B00454FF5 /* win_13.png */,
				CE567F5117C6524B00454FF5 /* win_14.png */,
				CE567F5217C6524B00454FF5 /* win_15.png */,
				CE567F5317C6524B00454FF5 /* win_16.png */,
				CE567F5417C6524B00454FF5 /* win_2.png */,
				CE567F5517C6524B00454FF5 /* win_3.png */,
				CE567F5617C6524B00454FF5 /* win_4.png */,
				CE567F5717C6524B00454FF5 /* win_5.png */,
				CE567F5817C6524B00454FF5 /* win_6.png */,
				CE567F5917C6524B00454FF5 /* win_7.png */,
				CE567F5A17C6524B00454FF5 /* win_8.png */,
				CE567F5B17C6524B00454FF5 /* win_9.png */,
			);
			path = psy;
			sourceTree = "<group>";
		};
		CEF5FCCC17BF698600AD3643 /* ESI */ = {
			isa = PBXGroup;
			children = (
				CEF5FCD117BF69D400AD3643 /* TouchJSON */,
				CEF5FCCD17BF69C200AD3643 /* APIDownload */,
			);
			name = ESI;
			sourceTree = "<group>";
		};
		CEF5FCCD17BF69C200AD3643 /* APIDownload */ = {
			isa = PBXGroup;
			children = (
				CEF5FCCE17BF69C200AD3643 /* APIDownload.h */,
				CEF5FCCF17BF69C200AD3643 /* APIDownload.m */,
			);
			path = APIDownload;
			sourceTree = "<group>";
		};
		CEF5FCD117BF69D400AD3643 /* TouchJSON */ = {
			isa = PBXGroup;
			children = (
				CEF5FCD217BF69D400AD3643 /* CDataScanner.h */,
				CEF5FCD317BF69D400AD3643 /* CDataScanner.m */,
				CEF5FCD417BF69D400AD3643 /* CDataScanner_Extensions.h */,
				CEF5FCD517BF69D400AD3643 /* CDataScanner_Extensions.m */,
				CEF5FCD617BF69D400AD3643 /* CFilteringJSONSerializer.h */,
				CEF5FCD717BF69D400AD3643 /* CFilteringJSONSerializer.m */,
				CEF5FCD817BF69D400AD3643 /* CJSONDeserializer.h */,
				CEF5FCD917BF69D400AD3643 /* CJSONDeserializer.m */,
				CEF5FCDA17BF69D400AD3643 /* CJSONDeserializer_BlocksExtensions.h */,
				CEF5FCDB17BF69D400AD3643 /* CJSONDeserializer_BlocksExtensions.m */,
				CEF5FCDC17BF69D400AD3643 /* CJSONScanner.h */,
				CEF5FCDD17BF69D400AD3643 /* CJSONScanner.m */,
				CEF5FCDE17BF69D400AD3643 /* CJSONSerialization.h */,
				CEF5FCDF17BF69D400AD3643 /* CJSONSerialization.m */,
				CEF5FCE017BF69D400AD3643 /* CJSONSerializedData.h */,
				CEF5FCE117BF69D400AD3643 /* CJSONSerializedData.m */,
				CEF5FCE217BF69D400AD3643 /* CJSONSerializer.h */,
				CEF5FCE317BF69D400AD3643 /* CJSONSerializer.m */,
				CEF5FCE417BF69D400AD3643 /* JSONRepresentation.h */,
				CEF5FCE517BF69D400AD3643 /* NSDictionary_JSONExtensions.h */,
				CEF5FCE617BF69D400AD3643 /* NSDictionary_JSONExtensions.m */,
			);
			path = TouchJSON;
			sourceTree = "<group>";
		};
/* End PBXGroup section */

/* Begin PBXNativeTarget section */
		C5F7B87917B9E9B100FB6223 /* findMe */ = {
			isa = PBXNativeTarget;
			buildConfigurationList = C5F7B8AC17B9E9B100FB6223 /* Build configuration list for PBXNativeTarget "findMe" */;
			buildPhases = (
				C5F7B87617B9E9B100FB6223 /* Sources */,
				C5F7B87717B9E9B100FB6223 /* Frameworks */,
				C5F7B87817B9E9B100FB6223 /* Resources */,
			);
			buildRules = (
			);
			dependencies = (
			);
			name = findMe;
			productName = findMe;
			productReference = C5F7B87A17B9E9B100FB6223 /* findMe.app */;
			productType = "com.apple.product-type.application";
		};
		C5F7B89A17B9E9B100FB6223 /* findMeTests */ = {
			isa = PBXNativeTarget;
			buildConfigurationList = C5F7B8AF17B9E9B100FB6223 /* Build configuration list for PBXNativeTarget "findMeTests" */;
			buildPhases = (
				C5F7B89717B9E9B100FB6223 /* Sources */,
				C5F7B89817B9E9B100FB6223 /* Frameworks */,
				C5F7B89917B9E9B100FB6223 /* Resources */,
			);
			buildRules = (
			);
			dependencies = (
				C5F7B8A117B9E9B100FB6223 /* PBXTargetDependency */,
			);
			name = findMeTests;
			productName = findMeTests;
			productReference = C5F7B89B17B9E9B100FB6223 /* findMeTests.xctest */;
			productType = "com.apple.product-type.bundle.unit-test";
		};
/* End PBXNativeTarget section */

/* Begin PBXProject section */
		C5F7B87217B9E9B100FB6223 /* Project object */ = {
			isa = PBXProject;
			attributes = {
				LastUpgradeCheck = 0500;
				ORGANIZATIONNAME = "Ramil Garaev";
				TargetAttributes = {
					C5F7B87917B9E9B100FB6223 = {
						SystemCapabilities = {
							com.apple.BackgroundModes = {
								enabled = 1;
							};
						};
					};
					C5F7B89A17B9E9B100FB6223 = {
						TestTargetID = C5F7B87917B9E9B100FB6223;
					};
				};
			};
			buildConfigurationList = C5F7B87517B9E9B100FB6223 /* Build configuration list for PBXProject "findMe" */;
			compatibilityVersion = "Xcode 3.2";
			developmentRegion = English;
			hasScannedForEncodings = 0;
			knownRegions = (
				en,
				Base,
			);
			mainGroup = C5F7B87117B9E9B100FB6223;
			productRefGroup = C5F7B87B17B9E9B100FB6223 /* Products */;
			projectDirPath = "";
			projectRoot = "";
			targets = (
				C5F7B87917B9E9B100FB6223 /* findMe */,
				C5F7B89A17B9E9B100FB6223 /* findMeTests */,
			);
		};
/* End PBXProject section */

/* Begin PBXResourcesBuildPhase section */
		C5F7B87817B9E9B100FB6223 /* Resources */ = {
			isa = PBXResourcesBuildPhase;
			buildActionMask = 2147483647;
			files = (
				CEE4CB7117C234080078C950 /* Button3On.png in Resources */,
				CED0F5FB17C4D0A700153AAF /* 103-map.png in Resources */,
				C5F7B89617B9E9B100FB6223 /* Images.xcassets in Resources */,
				CE239FA417BE5D5400C5256A /* Button3.png in Resources */,
				CEAB561F17BFDA1E00CD5325 /* back.png in Resources */,
				CE239FA517BE5D6F00C5256A /* Без имени-2.png in Resources */,
				CEE4CB8717C4C4E60078C950 /* NoLogo.png in Resources */,
				C5F7B88817B9E9B100FB6223 /* InfoPlist.strings in Resources */,
				CEBFDE9617C618C500B4F970 /* NoLogo_2.png in Resources */,
				CEDD983217C4D39C005FA655 /* 07-map-marker.png in Resources */,
				C5F7B89117B9E9B100FB6223 /* Main.storyboard in Resources */,
				CEE4CB8517C4C05C0078C950 /* logo2.png in Resources */,
				CEE4CB7017C234080078C950 /* back_1.png in Resources */,
				CEAB562017BFDA1E00CD5325 /* logo1.png in Resources */,
			);
			runOnlyForDeploymentPostprocessing = 0;
		};
		C5F7B89917B9E9B100FB6223 /* Resources */ = {
			isa = PBXResourcesBuildPhase;
			buildActionMask = 2147483647;
			files = (
				C5F7B8A717B9E9B100FB6223 /* InfoPlist.strings in Resources */,
			);
			runOnlyForDeploymentPostprocessing = 0;
		};
/* End PBXResourcesBuildPhase section */

/* Begin PBXSourcesBuildPhase section */
		C5F7B87617B9E9B100FB6223 /* Sources */ = {
			isa = PBXSourcesBuildPhase;
			buildActionMask = 2147483647;
			files = (
				CEF5FCD017BF69C200AD3643 /* APIDownload.m in Sources */,
				CE464AAB17C20BFC00466E55 /* MapTrackingAnnotation.m in Sources */,
				CEF5FCEB17BF69D400AD3643 /* CJSONDeserializer_BlocksExtensions.m in Sources */,
				CEF5FCE717BF69D400AD3643 /* CDataScanner.m in Sources */,
				CEF5FCE817BF69D400AD3643 /* CDataScanner_Extensions.m in Sources */,
				CEA2D3E517C61F4A00F43304 /* MiniatureViewController.m in Sources */,
				CEF5FCEC17BF69D400AD3643 /* CJSONScanner.m in Sources */,
				CEF5FCEE17BF69D400AD3643 /* CJSONSerializedData.m in Sources */,
				C5F7B89417B9E9B100FB6223 /* ViewController.m in Sources */,
				CEA2D3C117C6185200F43304 /* PsyViewController.m in Sources */,
				CEF5FCED17BF69D400AD3643 /* CJSONSerialization.m in Sources */,
				CEF5FCF017BF69D400AD3643 /* NSDictionary_JSONExtensions.m in Sources */,
				CEF5FCF917BF774F00AD3643 /* VKontakteViewController.m in Sources */,
				CEF5FCEA17BF69D400AD3643 /* CJSONDeserializer.m in Sources */,
				CEF5FCE917BF69D400AD3643 /* CFilteringJSONSerializer.m in Sources */,
				C5F7B88E17B9E9B100FB6223 /* AppDelegate.m in Sources */,
				C5F7B88A17B9E9B100FB6223 /* main.m in Sources */,
				CEF5FCEF17BF69D400AD3643 /* CJSONSerializer.m in Sources */,
				CEA0BC7117BE13540002F1CB /* SearchTableViewController.m in Sources */,
				CE183A3617BD8208000B4D4B /* MapViewController.m in Sources */,
			);
			runOnlyForDeploymentPostprocessing = 0;
		};
		C5F7B89717B9E9B100FB6223 /* Sources */ = {
			isa = PBXSourcesBuildPhase;
			buildActionMask = 2147483647;
			files = (
				C5F7B8A917B9E9B100FB6223 /* findMeTests.m in Sources */,
			);
			runOnlyForDeploymentPostprocessing = 0;
		};
/* End PBXSourcesBuildPhase section */

/* Begin PBXTargetDependency section */
		C5F7B8A117B9E9B100FB6223 /* PBXTargetDependency */ = {
			isa = PBXTargetDependency;
			target = C5F7B87917B9E9B100FB6223 /* findMe */;
			targetProxy = C5F7B8A017B9E9B100FB6223 /* PBXContainerItemProxy */;
		};
/* End PBXTargetDependency section */

/* Begin PBXVariantGroup section */
		C5F7B88617B9E9B100FB6223 /* InfoPlist.strings */ = {
			isa = PBXVariantGroup;
			children = (
				C5F7B88717B9E9B100FB6223 /* en */,
			);
			name = InfoPlist.strings;
			sourceTree = "<group>";
		};
		C5F7B88F17B9E9B100FB6223 /* Main.storyboard */ = {
			isa = PBXVariantGroup;
			children = (
				C5F7B89017B9E9B100FB6223 /* Base */,
			);
			name = Main.storyboard;
			sourceTree = "<group>";
		};
		C5F7B8A517B9E9B100FB6223 /* InfoPlist.strings */ = {
			isa = PBXVariantGroup;
			children = (
				C5F7B8A617B9E9B100FB6223 /* en */,
			);
			name = InfoPlist.strings;
			sourceTree = "<group>";
		};
/* End PBXVariantGroup section */

/* Begin XCBuildConfiguration section */
		C5F7B8AA17B9E9B100FB6223 /* Debug */ = {
			isa = XCBuildConfiguration;
			buildSettings = {
				ALWAYS_SEARCH_USER_PATHS = NO;
				CLANG_CXX_LANGUAGE_STANDARD = "gnu++0x";
				CLANG_CXX_LIBRARY = "libc++";
				CLANG_ENABLE_MODULES = YES;
				CLANG_ENABLE_OBJC_ARC = YES;
				CLANG_WARN_BOOL_CONVERSION = YES;
				CLANG_WARN_CONSTANT_CONVERSION = YES;
				CLANG_WARN_DIRECT_OBJC_ISA_USAGE = YES_ERROR;
				CLANG_WARN_EMPTY_BODY = YES;
				CLANG_WARN_ENUM_CONVERSION = YES;
				CLANG_WARN_INT_CONVERSION = YES;
				CLANG_WARN_OBJC_ROOT_CLASS = YES_ERROR;
				CLANG_WARN__DUPLICATE_METHOD_MATCH = YES;
				"CODE_SIGN_IDENTITY[sdk=iphoneos*]" = "iPhone Developer";
				COPY_PHASE_STRIP = NO;
				GCC_C_LANGUAGE_STANDARD = gnu99;
				GCC_DYNAMIC_NO_PIC = NO;
				GCC_OPTIMIZATION_LEVEL = 0;
				GCC_PREPROCESSOR_DEFINITIONS = (
					"DEBUG=1",
					"$(inherited)",
				);
				GCC_SYMBOLS_PRIVATE_EXTERN = NO;
				GCC_WARN_ABOUT_RETURN_TYPE = YES_ERROR;
				GCC_WARN_UNDECLARED_SELECTOR = YES;
				GCC_WARN_UNINITIALIZED_AUTOS = YES;
				GCC_WARN_UNUSED_FUNCTION = YES;
				GCC_WARN_UNUSED_VARIABLE = YES;
				IPHONEOS_DEPLOYMENT_TARGET = 7.0;
				ONLY_ACTIVE_ARCH = YES;
				SDKROOT = iphoneos;
			};
			name = Debug;
		};
		C5F7B8AB17B9E9B100FB6223 /* Release */ = {
			isa = XCBuildConfiguration;
			buildSettings = {
				ALWAYS_SEARCH_USER_PATHS = NO;
				CLANG_CXX_LANGUAGE_STANDARD = "gnu++0x";
				CLANG_CXX_LIBRARY = "libc++";
				CLANG_ENABLE_MODULES = YES;
				CLANG_ENABLE_OBJC_ARC = YES;
				CLANG_WARN_BOOL_CONVERSION = YES;
				CLANG_WARN_CONSTANT_CONVERSION = YES;
				CLANG_WARN_DIRECT_OBJC_ISA_USAGE = YES_ERROR;
				CLANG_WARN_EMPTY_BODY = YES;
				CLANG_WARN_ENUM_CONVERSION = YES;
				CLANG_WARN_INT_CONVERSION = YES;
				CLANG_WARN_OBJC_ROOT_CLASS = YES_ERROR;
				CLANG_WARN__DUPLICATE_METHOD_MATCH = YES;
				"CODE_SIGN_IDENTITY[sdk=iphoneos*]" = "iPhone Developer";
				COPY_PHASE_STRIP = YES;
				ENABLE_NS_ASSERTIONS = NO;
				GCC_C_LANGUAGE_STANDARD = gnu99;
				GCC_WARN_ABOUT_RETURN_TYPE = YES_ERROR;
				GCC_WARN_UNDECLARED_SELECTOR = YES;
				GCC_WARN_UNINITIALIZED_AUTOS = YES;
				GCC_WARN_UNUSED_FUNCTION = YES;
				GCC_WARN_UNUSED_VARIABLE = YES;
				IPHONEOS_DEPLOYMENT_TARGET = 7.0;
				SDKROOT = iphoneos;
				VALIDATE_PRODUCT = YES;
			};
			name = Release;
		};
		C5F7B8AD17B9E9B100FB6223 /* Debug */ = {
			isa = XCBuildConfiguration;
			buildSettings = {
				ASSETCATALOG_COMPILER_APPICON_NAME = AppIcon;
				ASSETCATALOG_COMPILER_LAUNCHIMAGE_NAME = LaunchImage;
				CODE_SIGN_IDENTITY = "iPhone Developer";
				GCC_PRECOMPILE_PREFIX_HEADER = YES;
				GCC_PREFIX_HEADER = "findMe/findMe-Prefix.pch";
				INFOPLIST_FILE = "findMe/findMe-Info.plist";
				PRODUCT_NAME = "$(TARGET_NAME)";
				WRAPPER_EXTENSION = app;
			};
			name = Debug;
		};
		C5F7B8AE17B9E9B100FB6223 /* Release */ = {
			isa = XCBuildConfiguration;
			buildSettings = {
				ASSETCATALOG_COMPILER_APPICON_NAME = AppIcon;
				ASSETCATALOG_COMPILER_LAUNCHIMAGE_NAME = LaunchImage;
				CODE_SIGN_IDENTITY = "iPhone Developer";
				GCC_PRECOMPILE_PREFIX_HEADER = YES;
				GCC_PREFIX_HEADER = "findMe/findMe-Prefix.pch";
				INFOPLIST_FILE = "findMe/findMe-Info.plist";
				PRODUCT_NAME = "$(TARGET_NAME)";
				WRAPPER_EXTENSION = app;
			};
			name = Release;
		};
		C5F7B8B017B9E9B100FB6223 /* Debug */ = {
			isa = XCBuildConfiguration;
			buildSettings = {
				BUNDLE_LOADER = "$(BUILT_PRODUCTS_DIR)/findMe.app/findMe";
				FRAMEWORK_SEARCH_PATHS = (
					"$(SDKROOT)/Developer/Library/Frameworks",
					"$(inherited)",
					"$(DEVELOPER_FRAMEWORKS_DIR)",
				);
				GCC_PRECOMPILE_PREFIX_HEADER = YES;
				GCC_PREFIX_HEADER = "findMe/findMe-Prefix.pch";
				GCC_PREPROCESSOR_DEFINITIONS = (
					"DEBUG=1",
					"$(inherited)",
				);
				INFOPLIST_FILE = "findMeTests/findMeTests-Info.plist";
				PRODUCT_NAME = "$(TARGET_NAME)";
				TEST_HOST = "$(BUNDLE_LOADER)";
				WRAPPER_EXTENSION = xctest;
			};
			name = Debug;
		};
		C5F7B8B117B9E9B100FB6223 /* Release */ = {
			isa = XCBuildConfiguration;
			buildSettings = {
				BUNDLE_LOADER = "$(BUILT_PRODUCTS_DIR)/findMe.app/findMe";
				FRAMEWORK_SEARCH_PATHS = (
					"$(SDKROOT)/Developer/Library/Frameworks",
					"$(inherited)",
					"$(DEVELOPER_FRAMEWORKS_DIR)",
				);
				GCC_PRECOMPILE_PREFIX_HEADER = YES;
				GCC_PREFIX_HEADER = "findMe/findMe-Prefix.pch";
				INFOPLIST_FILE = "findMeTests/findMeTests-Info.plist";
				PRODUCT_NAME = "$(TARGET_NAME)";
				TEST_HOST = "$(BUNDLE_LOADER)";
				WRAPPER_EXTENSION = xctest;
			};
			name = Release;
		};
/* End XCBuildConfiguration section */

/* Begin XCConfigurationList section */
		C5F7B87517B9E9B100FB6223 /* Build configuration list for PBXProject "findMe" */ = {
			isa = XCConfigurationList;
			buildConfigurations = (
				C5F7B8AA17B9E9B100FB6223 /* Debug */,
				C5F7B8AB17B9E9B100FB6223 /* Release */,
			);
			defaultConfigurationIsVisible = 0;
			defaultConfigurationName = Release;
		};
		C5F7B8AC17B9E9B100FB6223 /* Build configuration list for PBXNativeTarget "findMe" */ = {
			isa = XCConfigurationList;
			buildConfigurations = (
				C5F7B8AD17B9E9B100FB6223 /* Debug */,
				C5F7B8AE17B9E9B100FB6223 /* Release */,
			);
			defaultConfigurationIsVisible = 0;
			defaultConfigurationName = Release;
		};
		C5F7B8AF17B9E9B100FB6223 /* Build configuration list for PBXNativeTarget "findMeTests" */ = {
			isa = XCConfigurationList;
			buildConfigurations = (
				C5F7B8B017B9E9B100FB6223 /* Debug */,
				C5F7B8B117B9E9B100FB6223 /* Release */,
			);
			defaultConfigurationIsVisible = 0;
			defaultConfigurationName = Release;
		};
/* End XCConfigurationList section */
	};
	rootObject = C5F7B87217B9E9B100FB6223 /* Project object */;
}
